// !$*UTF8*$!
{
	archiveVersion = 1;
	classes = {
	};
	objectVersion = 55;
	objects = {

/* Begin PBXBuildFile section */
		57C2EC6062B1D320315BB10C /* Pods_KinoLib.framework in Frameworks */ = {isa = PBXBuildFile; fileRef = 3886EA53E483FA12422B8B98 /* Pods_KinoLib.framework */; };
		686774E9276C80D5007250F6 /* ProfileViewController.swift in Sources */ = {isa = PBXBuildFile; fileRef = 686774E8276C80D5007250F6 /* ProfileViewController.swift */; };
		686774EB276C80F1007250F6 /* FavoritesViewController.swift in Sources */ = {isa = PBXBuildFile; fileRef = 686774EA276C80F1007250F6 /* FavoritesViewController.swift */; };
		686774ED276C816A007250F6 /* FavoritesPresenter.swift in Sources */ = {isa = PBXBuildFile; fileRef = 686774EC276C816A007250F6 /* FavoritesPresenter.swift */; };
		A801AC86273D814300962793 /* FilmManager.swift in Sources */ = {isa = PBXBuildFile; fileRef = A801AC85273D814300962793 /* FilmManager.swift */; };
		A85148B027270FB40073EB7B /* AppDelegate.swift in Sources */ = {isa = PBXBuildFile; fileRef = A85148AF27270FB40073EB7B /* AppDelegate.swift */; };
		A85148B227270FB40073EB7B /* SceneDelegate.swift in Sources */ = {isa = PBXBuildFile; fileRef = A85148B127270FB40073EB7B /* SceneDelegate.swift */; };
		A85148B927270FB60073EB7B /* Assets.xcassets in Resources */ = {isa = PBXBuildFile; fileRef = A85148B827270FB60073EB7B /* Assets.xcassets */; };
		A85148C72727558E0073EB7B /* MainPresenter.swift in Sources */ = {isa = PBXBuildFile; fileRef = A85148C62727558E0073EB7B /* MainPresenter.swift */; };
		A879414D2768E31A00D1012C /* SearchViewController.swift in Sources */ = {isa = PBXBuildFile; fileRef = A879414C2768E31A00D1012C /* SearchViewController.swift */; };
		A879414F2769126A00D1012C /* SearchPresenter.swift in Sources */ = {isa = PBXBuildFile; fileRef = A879414E2769126A00D1012C /* SearchPresenter.swift */; };
		A8CDC93827457B9B00331E9B /* FilmDetailsPresenter.swift in Sources */ = {isa = PBXBuildFile; fileRef = A8CDC93727457B9B00331E9B /* FilmDetailsPresenter.swift */; };
		A8CDC93A27457C6D00331E9B /* DataManager.swift in Sources */ = {isa = PBXBuildFile; fileRef = A8CDC93927457C6D00331E9B /* DataManager.swift */; };
		A8E2DEDD272C2CA100810C11 /* Film.swift in Sources */ = {isa = PBXBuildFile; fileRef = A8E2DEDC272C2CA100810C11 /* Film.swift */; };
		A8E2DEE0272C381100810C11 /* NetworkManager.swift in Sources */ = {isa = PBXBuildFile; fileRef = A8E2DEDF272C381100810C11 /* NetworkManager.swift */; };
		C31CF660276C114E00808DA9 /* UserProfile.swift in Sources */ = {isa = PBXBuildFile; fileRef = C31CF65F276C114E00808DA9 /* UserProfile.swift */; };
		C31CF662276C21E600808DA9 /* Settings.swift in Sources */ = {isa = PBXBuildFile; fileRef = C31CF661276C21E600808DA9 /* Settings.swift */; };
		C31CF664276C276D00808DA9 /* GoogleService-Info.plist in Resources */ = {isa = PBXBuildFile; fileRef = C31CF663276C276C00808DA9 /* GoogleService-Info.plist */; };
		C3417C38275E702D00D0763A /* Colors.swift in Sources */ = {isa = PBXBuildFile; fileRef = C3417C37275E702D00D0763A /* Colors.swift */; };
		C34C5ECF27441AB6004EF682 /* AuthViewController.swift in Sources */ = {isa = PBXBuildFile; fileRef = C34C5ECE27441AB6004EF682 /* AuthViewController.swift */; };
		C34C5ED127441AC8004EF682 /* SignupViewController.swift in Sources */ = {isa = PBXBuildFile; fileRef = C34C5ED027441AC8004EF682 /* SignupViewController.swift */; };
		C34C5ED327441AD5004EF682 /* User.swift in Sources */ = {isa = PBXBuildFile; fileRef = C34C5ED227441AD5004EF682 /* User.swift */; };
		C34C5ED527441AE2004EF682 /* AuthPresenter.swift in Sources */ = {isa = PBXBuildFile; fileRef = C34C5ED427441AE2004EF682 /* AuthPresenter.swift */; };
		C34C5ED727441AF2004EF682 /* SignupPresenter.swift in Sources */ = {isa = PBXBuildFile; fileRef = C34C5ED627441AF2004EF682 /* SignupPresenter.swift */; };
		C34C5ED927441B0C004EF682 /* BaseViewController.swift in Sources */ = {isa = PBXBuildFile; fileRef = C34C5ED827441B0C004EF682 /* BaseViewController.swift */; };
		C3A65BCB2761612900A51675 /* FilmDetailsViewController.swift in Sources */ = {isa = PBXBuildFile; fileRef = C3A65BC72761612900A51675 /* FilmDetailsViewController.swift */; };
		C3A65BD2276164B600A51675 /* NetworkImageView.swift in Sources */ = {isa = PBXBuildFile; fileRef = C3A65BD1276164B600A51675 /* NetworkImageView.swift */; };
		C3A8C86F27662F8B00506276 /* MainCollectionViewCell.swift in Sources */ = {isa = PBXBuildFile; fileRef = C3A8C86C27662F8B00506276 /* MainCollectionViewCell.swift */; };
		C3A8C87027662F8B00506276 /* MainViewController.swift in Sources */ = {isa = PBXBuildFile; fileRef = C3A8C86D27662F8B00506276 /* MainViewController.swift */; };
		C3A8C87127662F8B00506276 /* MainTableViewCell.swift in Sources */ = {isa = PBXBuildFile; fileRef = C3A8C86E27662F8B00506276 /* MainTableViewCell.swift */; };
		C3A8C8752766312200506276 /* ListViewController.swift in Sources */ = {isa = PBXBuildFile; fileRef = C3A8C8732766312200506276 /* ListViewController.swift */; };
		C3A8C8762766312200506276 /* ListTableViewCell.swift in Sources */ = {isa = PBXBuildFile; fileRef = C3A8C8742766312200506276 /* ListTableViewCell.swift */; };
		C3A8C8782766319500506276 /* ListPresenter.swift in Sources */ = {isa = PBXBuildFile; fileRef = C3A8C8772766319500506276 /* ListPresenter.swift */; };
		C3A8C87C276972DD00506276 /* FirestoreManager.swift in Sources */ = {isa = PBXBuildFile; fileRef = C3A8C87B276972DD00506276 /* FirestoreManager.swift */; };
/* End PBXBuildFile section */

/* Begin PBXFileReference section */
		3886EA53E483FA12422B8B98 /* Pods_KinoLib.framework */ = {isa = PBXFileReference; explicitFileType = wrapper.framework; includeInIndex = 0; path = Pods_KinoLib.framework; sourceTree = BUILT_PRODUCTS_DIR; };
		3ABCE0A420C15BACB27B99E7 /* Pods-KinoLib.release.xcconfig */ = {isa = PBXFileReference; includeInIndex = 1; lastKnownFileType = text.xcconfig; name = "Pods-KinoLib.release.xcconfig"; path = "Target Support Files/Pods-KinoLib/Pods-KinoLib.release.xcconfig"; sourceTree = "<group>"; };
		686774E8276C80D5007250F6 /* ProfileViewController.swift */ = {isa = PBXFileReference; lastKnownFileType = sourcecode.swift; path = ProfileViewController.swift; sourceTree = "<group>"; };
		686774EA276C80F1007250F6 /* FavoritesViewController.swift */ = {isa = PBXFileReference; lastKnownFileType = sourcecode.swift; path = FavoritesViewController.swift; sourceTree = "<group>"; };
		686774EC276C816A007250F6 /* FavoritesPresenter.swift */ = {isa = PBXFileReference; lastKnownFileType = sourcecode.swift; path = FavoritesPresenter.swift; sourceTree = "<group>"; };
		9F6EE1F37BDE353A16BC8897 /* Pods-KinoLib.debug.xcconfig */ = {isa = PBXFileReference; includeInIndex = 1; lastKnownFileType = text.xcconfig; name = "Pods-KinoLib.debug.xcconfig"; path = "Target Support Files/Pods-KinoLib/Pods-KinoLib.debug.xcconfig"; sourceTree = "<group>"; };
		A801AC85273D814300962793 /* FilmManager.swift */ = {isa = PBXFileReference; lastKnownFileType = sourcecode.swift; path = FilmManager.swift; sourceTree = "<group>"; };
		A85148AC27270FB40073EB7B /* KinoLib.app */ = {isa = PBXFileReference; explicitFileType = wrapper.application; includeInIndex = 0; path = KinoLib.app; sourceTree = BUILT_PRODUCTS_DIR; };
		A85148AF27270FB40073EB7B /* AppDelegate.swift */ = {isa = PBXFileReference; lastKnownFileType = sourcecode.swift; path = AppDelegate.swift; sourceTree = "<group>"; };
		A85148B127270FB40073EB7B /* SceneDelegate.swift */ = {isa = PBXFileReference; lastKnownFileType = sourcecode.swift; path = SceneDelegate.swift; sourceTree = "<group>"; };
		A85148B827270FB60073EB7B /* Assets.xcassets */ = {isa = PBXFileReference; lastKnownFileType = folder.assetcatalog; path = Assets.xcassets; sourceTree = "<group>"; };
		A85148BD27270FB60073EB7B /* Info.plist */ = {isa = PBXFileReference; lastKnownFileType = text.plist.xml; path = Info.plist; sourceTree = "<group>"; };
		A85148C62727558E0073EB7B /* MainPresenter.swift */ = {isa = PBXFileReference; lastKnownFileType = sourcecode.swift; path = MainPresenter.swift; sourceTree = "<group>"; };
		A879414C2768E31A00D1012C /* SearchViewController.swift */ = {isa = PBXFileReference; lastKnownFileType = sourcecode.swift; path = SearchViewController.swift; sourceTree = "<group>"; };
		A879414E2769126A00D1012C /* SearchPresenter.swift */ = {isa = PBXFileReference; lastKnownFileType = sourcecode.swift; path = SearchPresenter.swift; sourceTree = "<group>"; };
		A8CDC93727457B9B00331E9B /* FilmDetailsPresenter.swift */ = {isa = PBXFileReference; fileEncoding = 4; lastKnownFileType = sourcecode.swift; path = FilmDetailsPresenter.swift; sourceTree = "<group>"; };
		A8CDC93927457C6D00331E9B /* DataManager.swift */ = {isa = PBXFileReference; fileEncoding = 4; lastKnownFileType = sourcecode.swift; path = DataManager.swift; sourceTree = "<group>"; };
		A8E2DEDC272C2CA100810C11 /* Film.swift */ = {isa = PBXFileReference; lastKnownFileType = sourcecode.swift; path = Film.swift; sourceTree = "<group>"; };
		A8E2DEDF272C381100810C11 /* NetworkManager.swift */ = {isa = PBXFileReference; lastKnownFileType = sourcecode.swift; path = NetworkManager.swift; sourceTree = "<group>"; };
		C31CF65F276C114E00808DA9 /* UserProfile.swift */ = {isa = PBXFileReference; lastKnownFileType = sourcecode.swift; path = UserProfile.swift; sourceTree = "<group>"; };
		C31CF661276C21E600808DA9 /* Settings.swift */ = {isa = PBXFileReference; lastKnownFileType = sourcecode.swift; path = Settings.swift; sourceTree = "<group>"; };
		C31CF663276C276C00808DA9 /* GoogleService-Info.plist */ = {isa = PBXFileReference; fileEncoding = 4; lastKnownFileType = text.plist.xml; path = "GoogleService-Info.plist"; sourceTree = "<group>"; };
		C3417C37275E702D00D0763A /* Colors.swift */ = {isa = PBXFileReference; lastKnownFileType = sourcecode.swift; path = Colors.swift; sourceTree = "<group>"; };
		C34C5ECE27441AB6004EF682 /* AuthViewController.swift */ = {isa = PBXFileReference; lastKnownFileType = sourcecode.swift; path = AuthViewController.swift; sourceTree = "<group>"; };
		C34C5ED027441AC8004EF682 /* SignupViewController.swift */ = {isa = PBXFileReference; lastKnownFileType = sourcecode.swift; path = SignupViewController.swift; sourceTree = "<group>"; };
		C34C5ED227441AD5004EF682 /* User.swift */ = {isa = PBXFileReference; lastKnownFileType = sourcecode.swift; path = User.swift; sourceTree = "<group>"; };
		C34C5ED427441AE2004EF682 /* AuthPresenter.swift */ = {isa = PBXFileReference; lastKnownFileType = sourcecode.swift; path = AuthPresenter.swift; sourceTree = "<group>"; };
		C34C5ED627441AF2004EF682 /* SignupPresenter.swift */ = {isa = PBXFileReference; lastKnownFileType = sourcecode.swift; path = SignupPresenter.swift; sourceTree = "<group>"; };
		C34C5ED827441B0C004EF682 /* BaseViewController.swift */ = {isa = PBXFileReference; lastKnownFileType = sourcecode.swift; path = BaseViewController.swift; sourceTree = "<group>"; };
		C3A65BC72761612900A51675 /* FilmDetailsViewController.swift */ = {isa = PBXFileReference; fileEncoding = 4; lastKnownFileType = sourcecode.swift; path = FilmDetailsViewController.swift; sourceTree = "<group>"; };
		C3A65BD1276164B600A51675 /* NetworkImageView.swift */ = {isa = PBXFileReference; fileEncoding = 4; lastKnownFileType = sourcecode.swift; path = NetworkImageView.swift; sourceTree = "<group>"; };
		C3A8C86C27662F8B00506276 /* MainCollectionViewCell.swift */ = {isa = PBXFileReference; fileEncoding = 4; lastKnownFileType = sourcecode.swift; path = MainCollectionViewCell.swift; sourceTree = "<group>"; };
		C3A8C86D27662F8B00506276 /* MainViewController.swift */ = {isa = PBXFileReference; fileEncoding = 4; lastKnownFileType = sourcecode.swift; path = MainViewController.swift; sourceTree = "<group>"; };
		C3A8C86E27662F8B00506276 /* MainTableViewCell.swift */ = {isa = PBXFileReference; fileEncoding = 4; lastKnownFileType = sourcecode.swift; path = MainTableViewCell.swift; sourceTree = "<group>"; };
		C3A8C8732766312200506276 /* ListViewController.swift */ = {isa = PBXFileReference; fileEncoding = 4; lastKnownFileType = sourcecode.swift; path = ListViewController.swift; sourceTree = "<group>"; };
		C3A8C8742766312200506276 /* ListTableViewCell.swift */ = {isa = PBXFileReference; fileEncoding = 4; lastKnownFileType = sourcecode.swift; path = ListTableViewCell.swift; sourceTree = "<group>"; };
		C3A8C8772766319500506276 /* ListPresenter.swift */ = {isa = PBXFileReference; fileEncoding = 4; lastKnownFileType = sourcecode.swift; path = ListPresenter.swift; sourceTree = "<group>"; };
		C3A8C87B276972DD00506276 /* FirestoreManager.swift */ = {isa = PBXFileReference; lastKnownFileType = sourcecode.swift; path = FirestoreManager.swift; sourceTree = "<group>"; };
/* End PBXFileReference section */

/* Begin PBXFrameworksBuildPhase section */
		A85148A927270FB40073EB7B /* Frameworks */ = {
			isa = PBXFrameworksBuildPhase;
			buildActionMask = 2147483647;
			files = (
				57C2EC6062B1D320315BB10C /* Pods_KinoLib.framework in Frameworks */,
			);
			runOnlyForDeploymentPostprocessing = 0;
		};
/* End PBXFrameworksBuildPhase section */

/* Begin PBXGroup section */
		17D85453C7D0B1D5C3F47DE4 /* Frameworks */ = {
			isa = PBXGroup;
			children = (
				3886EA53E483FA12422B8B98 /* Pods_KinoLib.framework */,
			);
			name = Frameworks;
			sourceTree = "<group>";
		};
		37E8BF4305176C9E5FD35677 /* Pods */ = {
			isa = PBXGroup;
			children = (
				9F6EE1F37BDE353A16BC8897 /* Pods-KinoLib.debug.xcconfig */,
				3ABCE0A420C15BACB27B99E7 /* Pods-KinoLib.release.xcconfig */,
			);
			path = Pods;
			sourceTree = "<group>";
		};
		A85148A327270FB40073EB7B = {
			isa = PBXGroup;
			children = (
				A85148AE27270FB40073EB7B /* KinoLib */,
				A85148AD27270FB40073EB7B /* Products */,
				37E8BF4305176C9E5FD35677 /* Pods */,
				17D85453C7D0B1D5C3F47DE4 /* Frameworks */,
			);
			sourceTree = "<group>";
		};
		A85148AD27270FB40073EB7B /* Products */ = {
			isa = PBXGroup;
			children = (
				A85148AC27270FB40073EB7B /* KinoLib.app */,
			);
			name = Products;
			sourceTree = "<group>";
		};
		A85148AE27270FB40073EB7B /* KinoLib */ = {
			isa = PBXGroup;
			children = (
				C3417C36275E701B00D0763A /* Constants */,
				A8E2DEDE272C37FF00810C11 /* Service */,
				A8E2DEDB272C2C0000810C11 /* Presenters */,
				A8E2DEDA272C2BF900810C11 /* Views */,
				A8E2DED9272C2BEB00810C11 /* Models */,
				A85148AF27270FB40073EB7B /* AppDelegate.swift */,
				A85148B127270FB40073EB7B /* SceneDelegate.swift */,
				C31CF663276C276C00808DA9 /* GoogleService-Info.plist */,
				A85148B827270FB60073EB7B /* Assets.xcassets */,
				A85148BD27270FB60073EB7B /* Info.plist */,
			);
			path = KinoLib;
			sourceTree = "<group>";
		};
		A8E2DED9272C2BEB00810C11 /* Models */ = {
			isa = PBXGroup;
			children = (
				A8E2DEDC272C2CA100810C11 /* Film.swift */,
				A801AC85273D814300962793 /* FilmManager.swift */,
				C34C5ED227441AD5004EF682 /* User.swift */,
			);
			path = Models;
			sourceTree = "<group>";
		};
		A8E2DEDA272C2BF900810C11 /* Views */ = {
			isa = PBXGroup;
			children = (
				C3A65BD1276164B600A51675 /* NetworkImageView.swift */,
				C34C5ED827441B0C004EF682 /* BaseViewController.swift */,
				C34C5EDA27442EF0004EF682 /* MainView */,
				C34C5ECE27441AB6004EF682 /* AuthViewController.swift */,
				C34C5ED027441AC8004EF682 /* SignupViewController.swift */,
				A879414C2768E31A00D1012C /* SearchViewController.swift */,
				C3A65BC72761612900A51675 /* FilmDetailsViewController.swift */,
				C31CF65F276C114E00808DA9 /* UserProfile.swift */,
				686774E8276C80D5007250F6 /* ProfileViewController.swift */,
				686774EA276C80F1007250F6 /* FavoritesViewController.swift */,
			);
			path = Views;
			sourceTree = "<group>";
		};
		A8E2DEDB272C2C0000810C11 /* Presenters */ = {
			isa = PBXGroup;
			children = (
				C3A8C8772766319500506276 /* ListPresenter.swift */,
				A85148C62727558E0073EB7B /* MainPresenter.swift */,
				C34C5ED627441AF2004EF682 /* SignupPresenter.swift */,
				A8CDC93727457B9B00331E9B /* FilmDetailsPresenter.swift */,
				C34C5ED427441AE2004EF682 /* AuthPresenter.swift */,
				A879414E2769126A00D1012C /* SearchPresenter.swift */,
				686774EC276C816A007250F6 /* FavoritesPresenter.swift */,
			);
			path = Presenters;
			sourceTree = "<group>";
		};
		A8E2DEDE272C37FF00810C11 /* Service */ = {
			isa = PBXGroup;
			children = (
				C3A8C87B276972DD00506276 /* FirestoreManager.swift */,
				A8CDC93927457C6D00331E9B /* DataManager.swift */,
				A8E2DEDF272C381100810C11 /* NetworkManager.swift */,
			);
			path = Service;
			sourceTree = "<group>";
		};
		C3417C36275E701B00D0763A /* Constants */ = {
			isa = PBXGroup;
			children = (
				C3417C37275E702D00D0763A /* Colors.swift */,
				C31CF661276C21E600808DA9 /* Settings.swift */,
			);
			path = Constants;
			sourceTree = "<group>";
		};
		C34C5EDA27442EF0004EF682 /* MainView */ = {
			isa = PBXGroup;
			children = (
				C3A8C8722766312200506276 /* List */,
				C3A8C86B27662F8B00506276 /* Main */,
			);
			path = MainView;
			sourceTree = "<group>";
		};
		C3A8C86B27662F8B00506276 /* Main */ = {
			isa = PBXGroup;
			children = (
				C3A8C86D27662F8B00506276 /* MainViewController.swift */,
				C3A8C86C27662F8B00506276 /* MainCollectionViewCell.swift */,
				C3A8C86E27662F8B00506276 /* MainTableViewCell.swift */,
			);
			path = Main;
			sourceTree = "<group>";
		};
		C3A8C8722766312200506276 /* List */ = {
			isa = PBXGroup;
			children = (
				C3A8C8732766312200506276 /* ListViewController.swift */,
				C3A8C8742766312200506276 /* ListTableViewCell.swift */,
			);
			path = List;
			sourceTree = "<group>";
		};
/* End PBXGroup section */

/* Begin PBXNativeTarget section */
		A85148AB27270FB40073EB7B /* KinoLib */ = {
			isa = PBXNativeTarget;
			buildConfigurationList = A85148C027270FB60073EB7B /* Build configuration list for PBXNativeTarget "KinoLib" */;
			buildPhases = (
				19EB143545A9B0B152A84F1B /* [CP] Check Pods Manifest.lock */,
				A85148A827270FB40073EB7B /* Sources */,
				A85148A927270FB40073EB7B /* Frameworks */,
				A85148AA27270FB40073EB7B /* Resources */,
				115D85D8AFA683985752AC40 /* [CP] Embed Pods Frameworks */,
			);
			buildRules = (
			);
			dependencies = (
			);
			name = KinoLib;
			packageProductDependencies = (
			);
			productName = KinoLib;
			productReference = A85148AC27270FB40073EB7B /* KinoLib.app */;
			productType = "com.apple.product-type.application";
		};
/* End PBXNativeTarget section */

/* Begin PBXProject section */
		A85148A427270FB40073EB7B /* Project object */ = {
			isa = PBXProject;
			attributes = {
				BuildIndependentTargetsInParallel = 1;
				LastSwiftUpdateCheck = 1300;
				LastUpgradeCheck = 1300;
				TargetAttributes = {
					A85148AB27270FB40073EB7B = {
						CreatedOnToolsVersion = 13.0;
					};
				};
			};
			buildConfigurationList = A85148A727270FB40073EB7B /* Build configuration list for PBXProject "KinoLib" */;
			compatibilityVersion = "Xcode 13.0";
			developmentRegion = en;
			hasScannedForEncodings = 0;
			knownRegions = (
				en,
				Base,
			);
			mainGroup = A85148A327270FB40073EB7B;
			packageReferences = (
			);
			productRefGroup = A85148AD27270FB40073EB7B /* Products */;
			projectDirPath = "";
			projectRoot = "";
			targets = (
				A85148AB27270FB40073EB7B /* KinoLib */,
			);
		};
/* End PBXProject section */

/* Begin PBXResourcesBuildPhase section */
		A85148AA27270FB40073EB7B /* Resources */ = {
			isa = PBXResourcesBuildPhase;
			buildActionMask = 2147483647;
			files = (
				C31CF664276C276D00808DA9 /* GoogleService-Info.plist in Resources */,
				A85148B927270FB60073EB7B /* Assets.xcassets in Resources */,
			);
			runOnlyForDeploymentPostprocessing = 0;
		};
/* End PBXResourcesBuildPhase section */

/* Begin PBXShellScriptBuildPhase section */
		115D85D8AFA683985752AC40 /* [CP] Embed Pods Frameworks */ = {
			isa = PBXShellScriptBuildPhase;
			buildActionMask = 2147483647;
			files = (
			);
			inputFileListPaths = (
				"${PODS_ROOT}/Target Support Files/Pods-KinoLib/Pods-KinoLib-frameworks-${CONFIGURATION}-input-files.xcfilelist",
			);
			name = "[CP] Embed Pods Frameworks";
			outputFileListPaths = (
				"${PODS_ROOT}/Target Support Files/Pods-KinoLib/Pods-KinoLib-frameworks-${CONFIGURATION}-output-files.xcfilelist",
			);
			runOnlyForDeploymentPostprocessing = 0;
			shellPath = /bin/sh;
			shellScript = "\"${PODS_ROOT}/Target Support Files/Pods-KinoLib/Pods-KinoLib-frameworks.sh\"\n";
			showEnvVarsInLog = 0;
		};
		19EB143545A9B0B152A84F1B /* [CP] Check Pods Manifest.lock */ = {
			isa = PBXShellScriptBuildPhase;
			buildActionMask = 2147483647;
			files = (
			);
			inputFileListPaths = (
			);
			inputPaths = (
				"${PODS_PODFILE_DIR_PATH}/Podfile.lock",
				"${PODS_ROOT}/Manifest.lock",
			);
			name = "[CP] Check Pods Manifest.lock";
			outputFileListPaths = (
			);
			outputPaths = (
				"$(DERIVED_FILE_DIR)/Pods-KinoLib-checkManifestLockResult.txt",
			);
			runOnlyForDeploymentPostprocessing = 0;
			shellPath = /bin/sh;
			shellScript = "diff \"${PODS_PODFILE_DIR_PATH}/Podfile.lock\" \"${PODS_ROOT}/Manifest.lock\" > /dev/null\nif [ $? != 0 ] ; then\n    # print error to STDERR\n    echo \"error: The sandbox is not in sync with the Podfile.lock. Run 'pod install' or update your CocoaPods installation.\" >&2\n    exit 1\nfi\n# This output is used by Xcode 'outputs' to avoid re-running this script phase.\necho \"SUCCESS\" > \"${SCRIPT_OUTPUT_FILE_0}\"\n";
			showEnvVarsInLog = 0;
		};
/* End PBXShellScriptBuildPhase section */

/* Begin PBXSourcesBuildPhase section */
		A85148A827270FB40073EB7B /* Sources */ = {
			isa = PBXSourcesBuildPhase;
			buildActionMask = 2147483647;
			files = (
				C34C5ED327441AD5004EF682 /* User.swift in Sources */,
				C3A65BD2276164B600A51675 /* NetworkImageView.swift in Sources */,
				C3A8C8762766312200506276 /* ListTableViewCell.swift in Sources */,
				C3417C38275E702D00D0763A /* Colors.swift in Sources */,
				C34C5ED727441AF2004EF682 /* SignupPresenter.swift in Sources */,
				C34C5ECF27441AB6004EF682 /* AuthViewController.swift in Sources */,
				A8E2DEE0272C381100810C11 /* NetworkManager.swift in Sources */,
				A879414F2769126A00D1012C /* SearchPresenter.swift in Sources */,
				A8E2DEDD272C2CA100810C11 /* Film.swift in Sources */,
				C34C5ED927441B0C004EF682 /* BaseViewController.swift in Sources */,
				C3A8C8782766319500506276 /* ListPresenter.swift in Sources */,
				A801AC86273D814300962793 /* FilmManager.swift in Sources */,
				C3A8C87127662F8B00506276 /* MainTableViewCell.swift in Sources */,
				686774E9276C80D5007250F6 /* ProfileViewController.swift in Sources */,
				C34C5ED127441AC8004EF682 /* SignupViewController.swift in Sources */,
				C3A8C86F27662F8B00506276 /* MainCollectionViewCell.swift in Sources */,
				A879414D2768E31A00D1012C /* SearchViewController.swift in Sources */,
				C34C5ED527441AE2004EF682 /* AuthPresenter.swift in Sources */,
				686774ED276C816A007250F6 /* FavoritesPresenter.swift in Sources */,
				C31CF660276C114E00808DA9 /* UserProfile.swift in Sources */,
				C31CF662276C21E600808DA9 /* Settings.swift in Sources */,
				A8CDC93827457B9B00331E9B /* FilmDetailsPresenter.swift in Sources */,
				A8CDC93A27457C6D00331E9B /* DataManager.swift in Sources */,
				C3A8C8752766312200506276 /* ListViewController.swift in Sources */,
				C3A8C87C276972DD00506276 /* FirestoreManager.swift in Sources */,
				C3A65BCB2761612900A51675 /* FilmDetailsViewController.swift in Sources */,
				A85148B027270FB40073EB7B /* AppDelegate.swift in Sources */,
				A85148B227270FB40073EB7B /* SceneDelegate.swift in Sources */,
				A85148C72727558E0073EB7B /* MainPresenter.swift in Sources */,
				686774EB276C80F1007250F6 /* FavoritesViewController.swift in Sources */,
				C3A8C87027662F8B00506276 /* MainViewController.swift in Sources */,
			);
			runOnlyForDeploymentPostprocessing = 0;
		};
/* End PBXSourcesBuildPhase section */

/* Begin XCBuildConfiguration section */
		A85148BE27270FB60073EB7B /* Debug */ = {
			isa = XCBuildConfiguration;
			buildSettings = {
				ALWAYS_SEARCH_USER_PATHS = NO;
				CLANG_ANALYZER_NONNULL = YES;
				CLANG_ANALYZER_NUMBER_OBJECT_CONVERSION = YES_AGGRESSIVE;
				CLANG_CXX_LANGUAGE_STANDARD = "gnu++17";
				CLANG_CXX_LIBRARY = "libc++";
				CLANG_ENABLE_MODULES = YES;
				CLANG_ENABLE_OBJC_ARC = YES;
				CLANG_ENABLE_OBJC_WEAK = YES;
				CLANG_WARN_BLOCK_CAPTURE_AUTORELEASING = YES;
				CLANG_WARN_BOOL_CONVERSION = YES;
				CLANG_WARN_COMMA = YES;
				CLANG_WARN_CONSTANT_CONVERSION = YES;
				CLANG_WARN_DEPRECATED_OBJC_IMPLEMENTATIONS = YES;
				CLANG_WARN_DIRECT_OBJC_ISA_USAGE = YES_ERROR;
				CLANG_WARN_DOCUMENTATION_COMMENTS = YES;
				CLANG_WARN_EMPTY_BODY = YES;
				CLANG_WARN_ENUM_CONVERSION = YES;
				CLANG_WARN_INFINITE_RECURSION = YES;
				CLANG_WARN_INT_CONVERSION = YES;
				CLANG_WARN_NON_LITERAL_NULL_CONVERSION = YES;
				CLANG_WARN_OBJC_IMPLICIT_RETAIN_SELF = YES;
				CLANG_WARN_OBJC_LITERAL_CONVERSION = YES;
				CLANG_WARN_OBJC_ROOT_CLASS = YES_ERROR;
				CLANG_WARN_QUOTED_INCLUDE_IN_FRAMEWORK_HEADER = YES;
				CLANG_WARN_RANGE_LOOP_ANALYSIS = YES;
				CLANG_WARN_STRICT_PROTOTYPES = YES;
				CLANG_WARN_SUSPICIOUS_MOVE = YES;
				CLANG_WARN_UNGUARDED_AVAILABILITY = YES_AGGRESSIVE;
				CLANG_WARN_UNREACHABLE_CODE = YES;
				CLANG_WARN__DUPLICATE_METHOD_MATCH = YES;
				COPY_PHASE_STRIP = NO;
				DEBUG_INFORMATION_FORMAT = dwarf;
				ENABLE_STRICT_OBJC_MSGSEND = YES;
				ENABLE_TESTABILITY = YES;
				GCC_C_LANGUAGE_STANDARD = gnu11;
				GCC_DYNAMIC_NO_PIC = NO;
				GCC_NO_COMMON_BLOCKS = YES;
				GCC_OPTIMIZATION_LEVEL = 0;
				GCC_PREPROCESSOR_DEFINITIONS = (
					"DEBUG=1",
					"$(inherited)",
				);
				GCC_WARN_64_TO_32_BIT_CONVERSION = YES;
				GCC_WARN_ABOUT_RETURN_TYPE = YES_ERROR;
				GCC_WARN_UNDECLARED_SELECTOR = YES;
				GCC_WARN_UNINITIALIZED_AUTOS = YES_AGGRESSIVE;
				GCC_WARN_UNUSED_FUNCTION = YES;
				GCC_WARN_UNUSED_VARIABLE = YES;
				IPHONEOS_DEPLOYMENT_TARGET = 13.0;
				MTL_ENABLE_DEBUG_INFO = INCLUDE_SOURCE;
				MTL_FAST_MATH = YES;
				ONLY_ACTIVE_ARCH = YES;
				SDKROOT = iphoneos;
				SWIFT_ACTIVE_COMPILATION_CONDITIONS = DEBUG;
				SWIFT_OPTIMIZATION_LEVEL = "-Onone";
			};
			name = Debug;
		};
		A85148BF27270FB60073EB7B /* Release */ = {
			isa = XCBuildConfiguration;
			buildSettings = {
				ALWAYS_SEARCH_USER_PATHS = NO;
				CLANG_ANALYZER_NONNULL = YES;
				CLANG_ANALYZER_NUMBER_OBJECT_CONVERSION = YES_AGGRESSIVE;
				CLANG_CXX_LANGUAGE_STANDARD = "gnu++17";
				CLANG_CXX_LIBRARY = "libc++";
				CLANG_ENABLE_MODULES = YES;
				CLANG_ENABLE_OBJC_ARC = YES;
				CLANG_ENABLE_OBJC_WEAK = YES;
				CLANG_WARN_BLOCK_CAPTURE_AUTORELEASING = YES;
				CLANG_WARN_BOOL_CONVERSION = YES;
				CLANG_WARN_COMMA = YES;
				CLANG_WARN_CONSTANT_CONVERSION = YES;
				CLANG_WARN_DEPRECATED_OBJC_IMPLEMENTATIONS = YES;
				CLANG_WARN_DIRECT_OBJC_ISA_USAGE = YES_ERROR;
				CLANG_WARN_DOCUMENTATION_COMMENTS = YES;
				CLANG_WARN_EMPTY_BODY = YES;
				CLANG_WARN_ENUM_CONVERSION = YES;
				CLANG_WARN_INFINITE_RECURSION = YES;
				CLANG_WARN_INT_CONVERSION = YES;
				CLANG_WARN_NON_LITERAL_NULL_CONVERSION = YES;
				CLANG_WARN_OBJC_IMPLICIT_RETAIN_SELF = YES;
				CLANG_WARN_OBJC_LITERAL_CONVERSION = YES;
				CLANG_WARN_OBJC_ROOT_CLASS = YES_ERROR;
				CLANG_WARN_QUOTED_INCLUDE_IN_FRAMEWORK_HEADER = YES;
				CLANG_WARN_RANGE_LOOP_ANALYSIS = YES;
				CLANG_WARN_STRICT_PROTOTYPES = YES;
				CLANG_WARN_SUSPICIOUS_MOVE = YES;
				CLANG_WARN_UNGUARDED_AVAILABILITY = YES_AGGRESSIVE;
				CLANG_WARN_UNREACHABLE_CODE = YES;
				CLANG_WARN__DUPLICATE_METHOD_MATCH = YES;
				COPY_PHASE_STRIP = NO;
				DEBUG_INFORMATION_FORMAT = "dwarf-with-dsym";
				ENABLE_NS_ASSERTIONS = NO;
				ENABLE_STRICT_OBJC_MSGSEND = YES;
				GCC_C_LANGUAGE_STANDARD = gnu11;
				GCC_NO_COMMON_BLOCKS = YES;
				GCC_WARN_64_TO_32_BIT_CONVERSION = YES;
				GCC_WARN_ABOUT_RETURN_TYPE = YES_ERROR;
				GCC_WARN_UNDECLARED_SELECTOR = YES;
				GCC_WARN_UNINITIALIZED_AUTOS = YES_AGGRESSIVE;
				GCC_WARN_UNUSED_FUNCTION = YES;
				GCC_WARN_UNUSED_VARIABLE = YES;
				IPHONEOS_DEPLOYMENT_TARGET = 13.0;
				MTL_ENABLE_DEBUG_INFO = NO;
				MTL_FAST_MATH = YES;
				SDKROOT = iphoneos;
				SWIFT_COMPILATION_MODE = wholemodule;
				SWIFT_OPTIMIZATION_LEVEL = "-O";
				VALIDATE_PRODUCT = YES;
			};
			name = Release;
		};
		A85148C127270FB60073EB7B /* Debug */ = {
			isa = XCBuildConfiguration;
			baseConfigurationReference = 9F6EE1F37BDE353A16BC8897 /* Pods-KinoLib.debug.xcconfig */;
			buildSettings = {
				ASSETCATALOG_COMPILER_APPICON_NAME = AppIcon;
				ASSETCATALOG_COMPILER_GLOBAL_ACCENT_COLOR_NAME = AccentColor;
				CODE_SIGN_STYLE = Automatic;
				CURRENT_PROJECT_VERSION = 1;
				DEVELOPMENT_TEAM = 4RL6CGM93L;
				GENERATE_INFOPLIST_FILE = YES;
				INFOPLIST_FILE = KinoLib/Info.plist;
				INFOPLIST_KEY_UIApplicationSupportsIndirectInputEvents = YES;
				INFOPLIST_KEY_UILaunchStoryboardName = LaunchScreen;
				INFOPLIST_KEY_UISupportedInterfaceOrientations_iPad = "UIInterfaceOrientationPortrait UIInterfaceOrientationPortraitUpsideDown UIInterfaceOrientationLandscapeLeft UIInterfaceOrientationLandscapeRight";
				INFOPLIST_KEY_UISupportedInterfaceOrientations_iPhone = "UIInterfaceOrientationPortrait UIInterfaceOrientationLandscapeLeft UIInterfaceOrientationLandscapeRight";
				LD_RUNPATH_SEARCH_PATHS = (
					"$(inherited)",
					"@executable_path/Frameworks",
				);
				MARKETING_VERSION = 1.0;
				PRODUCT_BUNDLE_IDENTIFIER = com.KinoLib.KoroLion;
				PRODUCT_NAME = "$(TARGET_NAME)";
				SWIFT_EMIT_LOC_STRINGS = YES;
				SWIFT_VERSION = 5.0;
				TARGETED_DEVICE_FAMILY = 1;
			};
			name = Debug;
		};
		A85148C227270FB60073EB7B /* Release */ = {
			isa = XCBuildConfiguration;
			baseConfigurationReference = 3ABCE0A420C15BACB27B99E7 /* Pods-KinoLib.release.xcconfig */;
			buildSettings = {
				ASSETCATALOG_COMPILER_APPICON_NAME = AppIcon;
				ASSETCATALOG_COMPILER_GLOBAL_ACCENT_COLOR_NAME = AccentColor;
				CODE_SIGN_STYLE = Automatic;
				CURRENT_PROJECT_VERSION = 1;
				DEVELOPMENT_TEAM = 4RL6CGM93L;
				GENERATE_INFOPLIST_FILE = YES;
				INFOPLIST_FILE = KinoLib/Info.plist;
				INFOPLIST_KEY_UIApplicationSupportsIndirectInputEvents = YES;
				INFOPLIST_KEY_UILaunchStoryboardName = LaunchScreen;
				INFOPLIST_KEY_UISupportedInterfaceOrientations_iPad = "UIInterfaceOrientationPortrait UIInterfaceOrientationPortraitUpsideDown UIInterfaceOrientationLandscapeLeft UIInterfaceOrientationLandscapeRight";
				INFOPLIST_KEY_UISupportedInterfaceOrientations_iPhone = "UIInterfaceOrientationPortrait UIInterfaceOrientationLandscapeLeft UIInterfaceOrientationLandscapeRight";
				LD_RUNPATH_SEARCH_PATHS = (
					"$(inherited)",
					"@executable_path/Frameworks",
				);
				MARKETING_VERSION = 1.0;
				PRODUCT_BUNDLE_IDENTIFIER = com.KinoLib.KoroLion;
				PRODUCT_NAME = "$(TARGET_NAME)";
				SWIFT_EMIT_LOC_STRINGS = YES;
				SWIFT_VERSION = 5.0;
				TARGETED_DEVICE_FAMILY = 1;
			};
			name = Release;
		};
/* End XCBuildConfiguration section */

/* Begin XCConfigurationList section */
		A85148A727270FB40073EB7B /* Build configuration list for PBXProject "KinoLib" */ = {
			isa = XCConfigurationList;
			buildConfigurations = (
				A85148BE27270FB60073EB7B /* Debug */,
				A85148BF27270FB60073EB7B /* Release */,
			);
			defaultConfigurationIsVisible = 0;
			defaultConfigurationName = Release;
		};
		A85148C027270FB60073EB7B /* Build configuration list for PBXNativeTarget "KinoLib" */ = {
			isa = XCConfigurationList;
			buildConfigurations = (
				A85148C127270FB60073EB7B /* Debug */,
				A85148C227270FB60073EB7B /* Release */,
			);
			defaultConfigurationIsVisible = 0;
			defaultConfigurationName = Release;
		};
/* End XCConfigurationList section */
	};
	rootObject = A85148A427270FB40073EB7B /* Project object */;
}
